Microsoft Visual Studio Solution File, Format Version 12.00
# Visual Studio Version 17
VisualStudioVersion = 17.8.34525.116
MinimumVisualStudioVersion = 10.0.40219.1
Project("{9A19103F-16F7-4668-BE54-9A1E7A4F7556}") = "FireDetectionWebcam", "FireDetectionWebcam\FireDetectionWebcam.csproj", "{01F457B8-D309-43FD-BB8D-718EEB69B368}"
EndProject
Project("{9A19103F-16F7-4668-BE54-9A1E7A4F7556}") = "FireDetectionWithCPU", "FileDetectionCPU\FireDetectionWithCPU.csproj", "{69F0BFEF-6B4F-4D94-A3A1-25793D1BB519}"
EndProject
Global
	GlobalSection(SolutionConfigurationPlatforms) = preSolution
		Debug|Any CPU = Debug|Any CPU
		Release|Any CPU = Release|Any CPU
	EndGlobalSection
	GlobalSection(ProjectConfigurationPlatforms) = postSolution
		{01F457B8-D309-43FD-BB8D-718EEB69B368}.Debug|Any CPU.ActiveCfg = Debug|Any CPU
		{01F457B8-D309-43FD-BB8D-718EEB69B368}.Debug|Any CPU.Build.0 = Debug|Any CPU
		{01F457B8-D309-43FD-BB8D-718EEB69B368}.Release|Any CPU.ActiveCfg = Release|Any CPU
		{01F457B8-D309-43FD-BB8D-718EEB69B368}.Release|Any CPU.Build.0 = Release|Any CPU
		{69F0BFEF-6B4F-4D94-A3A1-25793D1BB519}.Debug|Any CPU.ActiveCfg = Debug|Any CPU
		{69F0BFEF-6B4F-4D94-A3A1-25793D1BB519}.Debug|Any CPU.Build.0 = Debug|Any CPU
		{69F0BFEF-6B4F-4D94-A3A1-25793D1BB519}.Release|Any CPU.ActiveCfg = Release|Any CPU
		{69F0BFEF-6B4F-4D94-A3A1-25793D1BB519}.Release|Any CPU.Build.0 = Release|Any CPU
	EndGlobalSection
	GlobalSection(SolutionProperties) = preSolution
		HideSolutionNode = FALSE
	EndGlobalSection
	GlobalSection(ExtensibilityGlobals) = postSolution
		SolutionGuid = {94FFBE1F-2ED4-4B3A-A192-6C2B9F14D5F4}
	EndGlobalSection
EndGlobal
